
Microsoft Visual Studio Solution File, Format Version 12.00
# Visual Studio 15
VisualStudioVersion = 15.0.26124.0
MinimumVisualStudioVersion = 15.0.26124.0
Project("{FAE04EC0-301F-11D3-BF4B-00C04F79EFBC}") = "application", "Api.Application\application.csproj", "{8CC20F3B-6D85-49CE-BFE3-DF970202BC0E}"
EndProject
Project("{FAE04EC0-301F-11D3-BF4B-00C04F79EFBC}") = "Domain", "Api.Domain\Domain.csproj", "{1C05CCEE-ECF9-4E99-9073-1B224FC4E3AB}"
EndProject
Project("{FAE04EC0-301F-11D3-BF4B-00C04F79EFBC}") = "CrossCutting", "Api.CrossCutting\CrossCutting.csproj", "{136C58AC-3CA8-4C5E-8688-B148518629D0}"
EndProject
Project("{FAE04EC0-301F-11D3-BF4B-00C04F79EFBC}") = "Data", "Api.Data\Data.csproj", "{485DC6EA-71EF-4408-A612-F85CB28AEA79}"
EndProject
Project("{FAE04EC0-301F-11D3-BF4B-00C04F79EFBC}") = "Service", "Api.Service\Service.csproj", "{21069683-A76D-4FA3-A0D3-246238666652}"
EndProject
Global
	GlobalSection(SolutionConfigurationPlatforms) = preSolution
		Debug|Any CPU = Debug|Any CPU
		Debug|x64 = Debug|x64
		Debug|x86 = Debug|x86
		Release|Any CPU = Release|Any CPU
		Release|x64 = Release|x64
		Release|x86 = Release|x86
	EndGlobalSection
	GlobalSection(SolutionProperties) = preSolution
		HideSolutionNode = FALSE
	EndGlobalSection
	GlobalSection(ProjectConfigurationPlatforms) = postSolution
		{8CC20F3B-6D85-49CE-BFE3-DF970202BC0E}.Debug|Any CPU.ActiveCfg = Debug|Any CPU
		{8CC20F3B-6D85-49CE-BFE3-DF970202BC0E}.Debug|Any CPU.Build.0 = Debug|Any CPU
		{8CC20F3B-6D85-49CE-BFE3-DF970202BC0E}.Debug|x64.ActiveCfg = Debug|Any CPU
		{8CC20F3B-6D85-49CE-BFE3-DF970202BC0E}.Debug|x64.Build.0 = Debug|Any CPU
		{8CC20F3B-6D85-49CE-BFE3-DF970202BC0E}.Debug|x86.ActiveCfg = Debug|Any CPU
		{8CC20F3B-6D85-49CE-BFE3-DF970202BC0E}.Debug|x86.Build.0 = Debug|Any CPU
		{8CC20F3B-6D85-49CE-BFE3-DF970202BC0E}.Release|Any CPU.ActiveCfg = Release|Any CPU
		{8CC20F3B-6D85-49CE-BFE3-DF970202BC0E}.Release|Any CPU.Build.0 = Release|Any CPU
		{8CC20F3B-6D85-49CE-BFE3-DF970202BC0E}.Release|x64.ActiveCfg = Release|Any CPU
		{8CC20F3B-6D85-49CE-BFE3-DF970202BC0E}.Release|x64.Build.0 = Release|Any CPU
		{8CC20F3B-6D85-49CE-BFE3-DF970202BC0E}.Release|x86.ActiveCfg = Release|Any CPU
		{8CC20F3B-6D85-49CE-BFE3-DF970202BC0E}.Release|x86.Build.0 = Release|Any CPU
		{1C05CCEE-ECF9-4E99-9073-1B224FC4E3AB}.Debug|Any CPU.ActiveCfg = Debug|Any CPU
		{1C05CCEE-ECF9-4E99-9073-1B224FC4E3AB}.Debug|Any CPU.Build.0 = Debug|Any CPU
		{1C05CCEE-ECF9-4E99-9073-1B224FC4E3AB}.Debug|x64.ActiveCfg = Debug|Any CPU
		{1C05CCEE-ECF9-4E99-9073-1B224FC4E3AB}.Debug|x64.Build.0 = Debug|Any CPU
		{1C05CCEE-ECF9-4E99-9073-1B224FC4E3AB}.Debug|x86.ActiveCfg = Debug|Any CPU
		{1C05CCEE-ECF9-4E99-9073-1B224FC4E3AB}.Debug|x86.Build.0 = Debug|Any CPU
		{1C05CCEE-ECF9-4E99-9073-1B224FC4E3AB}.Release|Any CPU.ActiveCfg = Release|Any CPU
		{1C05CCEE-ECF9-4E99-9073-1B224FC4E3AB}.Release|Any CPU.Build.0 = Release|Any CPU
		{1C05CCEE-ECF9-4E99-9073-1B224FC4E3AB}.Release|x64.ActiveCfg = Release|Any CPU
		{1C05CCEE-ECF9-4E99-9073-1B224FC4E3AB}.Release|x64.Build.0 = Release|Any CPU
		{1C05CCEE-ECF9-4E99-9073-1B224FC4E3AB}.Release|x86.ActiveCfg = Release|Any CPU
		{1C05CCEE-ECF9-4E99-9073-1B224FC4E3AB}.Release|x86.Build.0 = Release|Any CPU
		{136C58AC-3CA8-4C5E-8688-B148518629D0}.Debug|Any CPU.ActiveCfg = Debug|Any CPU
		{136C58AC-3CA8-4C5E-8688-B148518629D0}.Debug|Any CPU.Build.0 = Debug|Any CPU
		{136C58AC-3CA8-4C5E-8688-B148518629D0}.Debug|x64.ActiveCfg = Debug|Any CPU
		{136C58AC-3CA8-4C5E-8688-B148518629D0}.Debug|x64.Build.0 = Debug|Any CPU
		{136C58AC-3CA8-4C5E-8688-B148518629D0}.Debug|x86.ActiveCfg = Debug|Any CPU
		{136C58AC-3CA8-4C5E-8688-B148518629D0}.Debug|x86.Build.0 = Debug|Any CPU
		{136C58AC-3CA8-4C5E-8688-B148518629D0}.Release|Any CPU.ActiveCfg = Release|Any CPU
		{136C58AC-3CA8-4C5E-8688-B148518629D0}.Release|Any CPU.Build.0 = Release|Any CPU
		{136C58AC-3CA8-4C5E-8688-B148518629D0}.Release|x64.ActiveCfg = Release|Any CPU
		{136C58AC-3CA8-4C5E-8688-B148518629D0}.Release|x64.Build.0 = Release|Any CPU
		{136C58AC-3CA8-4C5E-8688-B148518629D0}.Release|x86.ActiveCfg = Release|Any CPU
		{136C58AC-3CA8-4C5E-8688-B148518629D0}.Release|x86.Build.0 = Release|Any CPU
		{485DC6EA-71EF-4408-A612-F85CB28AEA79}.Debug|Any CPU.ActiveCfg = Debug|Any CPU
		{485DC6EA-71EF-4408-A612-F85CB28AEA79}.Debug|Any CPU.Build.0 = Debug|Any CPU
		{485DC6EA-71EF-4408-A612-F85CB28AEA79}.Debug|x64.ActiveCfg = Debug|Any CPU
		{485DC6EA-71EF-4408-A612-F85CB28AEA79}.Debug|x64.Build.0 = Debug|Any CPU
		{485DC6EA-71EF-4408-A612-F85CB28AEA79}.Debug|x86.ActiveCfg = Debug|Any CPU
		{485DC6EA-71EF-4408-A612-F85CB28AEA79}.Debug|x86.Build.0 = Debug|Any CPU
		{485DC6EA-71EF-4408-A612-F85CB28AEA79}.Release|Any CPU.ActiveCfg = Release|Any CPU
		{485DC6EA-71EF-4408-A612-F85CB28AEA79}.Release|Any CPU.Build.0 = Release|Any CPU
		{485DC6EA-71EF-4408-A612-F85CB28AEA79}.Release|x64.ActiveCfg = Release|Any CPU
		{485DC6EA-71EF-4408-A612-F85CB28AEA79}.Release|x64.Build.0 = Release|Any CPU
		{485DC6EA-71EF-4408-A612-F85CB28AEA79}.Release|x86.ActiveCfg = Release|Any CPU
		{485DC6EA-71EF-4408-A612-F85CB28AEA79}.Release|x86.Build.0 = Release|Any CPU
		{21069683-A76D-4FA3-A0D3-246238666652}.Debug|Any CPU.ActiveCfg = Debug|Any CPU
		{21069683-A76D-4FA3-A0D3-246238666652}.Debug|Any CPU.Build.0 = Debug|Any CPU
		{21069683-A76D-4FA3-A0D3-246238666652}.Debug|x64.ActiveCfg = Debug|Any CPU
		{21069683-A76D-4FA3-A0D3-246238666652}.Debug|x64.Build.0 = Debug|Any CPU
		{21069683-A76D-4FA3-A0D3-246238666652}.Debug|x86.ActiveCfg = Debug|Any CPU
		{21069683-A76D-4FA3-A0D3-246238666652}.Debug|x86.Build.0 = Debug|Any CPU
		{21069683-A76D-4FA3-A0D3-246238666652}.Release|Any CPU.ActiveCfg = Release|Any CPU
		{21069683-A76D-4FA3-A0D3-246238666652}.Release|Any CPU.Build.0 = Release|Any CPU
		{21069683-A76D-4FA3-A0D3-246238666652}.Release|x64.ActiveCfg = Release|Any CPU
		{21069683-A76D-4FA3-A0D3-246238666652}.Release|x64.Build.0 = Release|Any CPU
		{21069683-A76D-4FA3-A0D3-246238666652}.Release|x86.ActiveCfg = Release|Any CPU
		{21069683-A76D-4FA3-A0D3-246238666652}.Release|x86.Build.0 = Release|Any CPU
	EndGlobalSection
EndGlobal
